github.com/jgthms/bulma v0.0.0-20210126190202-c5edaea84f28 h1:l23nUHHqgeVca6FSjUvTTYy0zbQkvXL5v3gsFxoOT3c=
github.com/jgthms/bulma v0.0.0-20210126190202-c5edaea84f28/go.mod h1:89FLBKXYFKfOKAoDeUT26V0pHGwzr205cMXAEqtAVOI=
github.com/jgthms/bulma v0.0.0-20210210181146-0b7b95ea28c4 h1:yM+w1DqkoFvcQT54Irycm7yJOKJJ7cREfz9sWVMxxYo=
github.com/jgthms/bulma v0.0.0-20210210181146-0b7b95ea28c4/go.mod h1:89FLBKXYFKfOKAoDeUT26V0pHGwzr205cMXAEqtAVOI=
github.com/peaceiris/hugo-mod-bulma v0.2.0 h1:0Pyx3zT9+1nzYY5eT5JMmL+XGnhL1OFx7LTsSZbKOss=
github.com/peaceiris/hugo-mod-bulma v0.2.0/go.mod h1:sjw6OFwTiXqh6S26Wk6GYjlSlwgKjYZ06+Bj29FLIqQ=
